
Microsoft Visual Studio Solution File, Format Version 12.00
# Visual Studio Version 17
VisualStudioVersion = 17.5.33627.172
MinimumVisualStudioVersion = 10.0.40219.1
Project("{FAE04EC0-301F-11D3-BF4B-00C04F79EFBC}") = "Sistema de reserva", "Sistema de reserva\Sistema de reserva.csproj", "{51E84380-5FFD-4888-B6EE-D3823045F639}"
EndProject
Global
	GlobalSection(SolutionConfigurationPlatforms) = preSolution
		Debug|Any CPU = Debug|Any CPU
		Release|Any CPU = Release|Any CPU
	EndGlobalSection
	GlobalSection(ProjectConfigurationPlatforms) = postSolution
		{51E84380-5FFD-4888-B6EE-D3823045F639}.Debug|Any CPU.ActiveCfg = Debug|Any CPU
		{51E84380-5FFD-4888-B6EE-D3823045F639}.Debug|Any CPU.Build.0 = Debug|Any CPU
		{51E84380-5FFD-4888-B6EE-D3823045F639}.Release|Any CPU.ActiveCfg = Release|Any CPU
		{51E84380-5FFD-4888-B6EE-D3823045F639}.Release|Any CPU.Build.0 = Release|Any CPU
	EndGlobalSection
	GlobalSection(SolutionProperties) = preSolution
		HideSolutionNode = FALSE
	EndGlobalSection
	GlobalSection(ExtensibilityGlobals) = postSolution
		SolutionGuid = {DEB01C44-8FFB-464F-A1E1-17344FE6B3CC}
	EndGlobalSection
EndGlobal
